<?xml version="1.0" encoding="utf-8"?>
<Project xmlns="http://schemas.microsoft.com/developer/msbuild/2003" ToolsVersion="4.0">
  <ItemGroup>
    <Filter Include="Header Files">
      <UniqueIdentifier>{4D1BFFCC-9CEB-4ABF-A951-582870FE71FD}</UniqueIdentifier>
      <Extensions>h;hpp;hxx;hm;inl;inc;xsd</Extensions>
    </Filter>
    <Filter Include="Header Files\TouchGFX">
      <UniqueIdentifier>{29C60541-803D-4F43-8683-028D9DA5E0CB}</UniqueIdentifier>
    </Filter>
    <Filter Include="Header Files\TouchGFX\common">
      <UniqueIdentifier>{AF2BF67C-89EC-4545-B0D2-5BD6803628D4}</UniqueIdentifier>
    </Filter>
    <Filter Include="Header Files\TouchGFX\mvp">
      <UniqueIdentifier>{A8F51E02-A400-49F1-AC86-371872A7E5E6}</UniqueIdentifier>
    </Filter>
    <Filter Include="Header Files\TouchGFX\platform">
      <UniqueIdentifier>{493CF637-721C-4516-8638-3EE4790FB455}</UniqueIdentifier>
    </Filter>
    <Filter Include="Header Files\TouchGFX\touchgfx">
      <UniqueIdentifier>{7187028B-6482-4EB3-8556-EECD38E0636B}</UniqueIdentifier>
    </Filter>
    <Filter Include="Header Files\TouchGFX\platform\driver">
      <UniqueIdentifier>{D2E6B448-6B79-434F-A8EB-C8F8415957E9}</UniqueIdentifier>
    </Filter>
    <Filter Include="Header Files\TouchGFX\platform\hal">
      <UniqueIdentifier>{07737357-9365-4A8F-B2F6-908B5FC4E808}</UniqueIdentifier>
    </Filter>
    <Filter Include="Header Files\TouchGFX\touchgfx\canvas_widget_renderer">
      <UniqueIdentifier>{085B248B-6BE1-4BF8-9913-35526BAEE4C7}</UniqueIdentifier>
    </Filter>
    <Filter Include="Header Files\TouchGFX\touchgfx\containers">
      <UniqueIdentifier>{E08C6B18-2F0E-4861-87D5-80FB0411017E}</UniqueIdentifier>
    </Filter>
    <Filter Include="Header Files\TouchGFX\touchgfx\events">
      <UniqueIdentifier>{29D72404-E5CB-472C-B00F-3784DF3CCD1E}</UniqueIdentifier>
    </Filter>
    <Filter Include="Header Files\TouchGFX\touchgfx\hal">
      <UniqueIdentifier>{09561B72-532B-45EB-8E32-CAA31C349F83}</UniqueIdentifier>
    </Filter>
    <Filter Include="Header Files\TouchGFX\touchgfx\lcd">
      <UniqueIdentifier>{A89B6308-CBC1-48EC-BF14-B3C6106FACCE}</UniqueIdentifier>
    </Filter>
    <Filter Include="Header Files\TouchGFX\touchgfx\mixins">
      <UniqueIdentifier>{DB82A963-BE52-4494-BD5E-358C5E79C081}</UniqueIdentifier>
    </Filter>
    <Filter Include="Header Files\TouchGFX\touchgfx\transforms">
      <UniqueIdentifier>{509E01BB-FBF4-4198-B748-936C1B67839A}</UniqueIdentifier>
    </Filter>
    <Filter Include="Header Files\TouchGFX\touchgfx\transitions">
      <UniqueIdentifier>{3F023E56-225A-4D4C-9D20-74447A23BAD9}</UniqueIdentifier>
    </Filter>
    <Filter Include="Header Files\TouchGFX\touchgfx\widgets">
      <UniqueIdentifier>{0E9A8FD3-B71B-46B9-B1F6-3A18292FFAC4}</UniqueIdentifier>
    </Filter>
    <Filter Include="Header Files\TouchGFX\platform\driver\lcd">
      <UniqueIdentifier>{9B32A742-EBA9-4EBA-832E-0421D7E68BC5}</UniqueIdentifier>
    </Filter>
    <Filter Include="Header Files\TouchGFX\platform\driver\touch">
      <UniqueIdentifier>{8C31441B-2191-4B32-869D-7B253AECB28F}</UniqueIdentifier>
    </Filter>
    <Filter Include="Header Files\TouchGFX\platform\hal\simulator">
      <UniqueIdentifier>{464CC9FB-AFF6-4FFA-B4D8-BCAC4B2B8898}</UniqueIdentifier>
    </Filter>
    <Filter Include="Header Files\TouchGFX\touchgfx\containers\clock">
      <UniqueIdentifier>{B7237C13-DD69-4F78-8446-9A554431E3F8}</UniqueIdentifier>
    </Filter>
    <Filter Include="Header Files\TouchGFX\touchgfx\containers\progress_indicators">
      <UniqueIdentifier>{5E0E884F-0059-4306-94BA-3197219750E3}</UniqueIdentifier>
    </Filter>
    <Filter Include="Header Files\TouchGFX\touchgfx\widgets\canvas">
      <UniqueIdentifier>{DBFF640A-BD63-40BC-A0A5-2468BC461037}</UniqueIdentifier>
    </Filter>
    <Filter Include="Header Files\TouchGFX\platform\hal\simulator\sdl2">
      <UniqueIdentifier>{EA3962C0-553C-4CFD-A89B-A116A9493818}</UniqueIdentifier>
    </Filter>
    <Filter Include="Header Files\generated">
      <UniqueIdentifier>{29C60541-803D-4F44-8783-028D9DA5E0CC}</UniqueIdentifier>
    </Filter>
    <Filter Include="Header Files\generated\simulator">
      <UniqueIdentifier>{29C60541-803D-4F43-8683-028D9DA5E0CC}</UniqueIdentifier>
    </Filter>
    <Filter Include="Resource Files">
      <UniqueIdentifier>{92BBFF14-FBDB-4755-BA47-A830D863D92B}</UniqueIdentifier>
      <Extensions>rc;ico;cur;bmp;dlg;rc2;rct;bin;rgs;gif;jpg;jpeg;jpe;resx;tiff;tif;ttf;otf;bdf;png;wav;xml;props;mfcribbon-ms</Extensions>
    </Filter>
    <Filter Include="Resource Files\assets">
      <UniqueIdentifier>{AF899B0F-78BE-47F9-A912-E92CB9156E40}</UniqueIdentifier>
    </Filter>
    <Filter Include="Resource Files\config">
      <UniqueIdentifier>{29E8A9F8-6504-4625-AB47-671A3F665E51}</UniqueIdentifier>
    </Filter>
    <Filter Include="Resource Files\assets\texts">
      <UniqueIdentifier>{382278FD-2B19-4E89-AE4F-24AF77E7A270}</UniqueIdentifier>
    </Filter>
    <Filter Include="Resource Files\config\msvs">
      <UniqueIdentifier>{C24EAEDB-9A3F-43DC-87FB-C7AC2729A078}</UniqueIdentifier>
    </Filter>
    <Filter Include="Source Files">
      <UniqueIdentifier>{2F3FC0AA-97C4-4366-9939-94A0FF4E028C}</UniqueIdentifier>
      <Extensions>cpp;c;cc;cxx;def;odl;idl;hpj;bat;asm;asmx</Extensions>
    </Filter>
    <Filter Include="Source Files\TouchGFX">
      <UniqueIdentifier>{C07B02A9-A55E-47AA-AD61-59A6AAD754E6}</UniqueIdentifier>
    </Filter>
    <Filter Include="Source Files\TouchGFX\platform">
      <UniqueIdentifier>{33EDC2DB-AF72-480C-92E5-2A2833BCAB6F}</UniqueIdentifier>
    </Filter>
    <Filter Include="Source Files\TouchGFX\platform\driver">
      <UniqueIdentifier>{1D8EFD90-430A-4539-9080-16A38861D20A}</UniqueIdentifier>
    </Filter>
    <Filter Include="Source Files\TouchGFX\platform\hal">
      <UniqueIdentifier>{E8DECBF2-0C8E-4397-8603-3101D6F922D6}</UniqueIdentifier>
    </Filter>
    <Filter Include="Source Files\TouchGFX\platform\driver\touch">
      <UniqueIdentifier>{40F0D55D-79D9-488A-AF83-ADC96179EADF}</UniqueIdentifier>
    </Filter>
    <Filter Include="Source Files\TouchGFX\platform\hal\simulator">
      <UniqueIdentifier>{3FB50DD5-31DA-4042-B7FD-2151C58CDA80}</UniqueIdentifier>
    </Filter>
    <Filter Include="Source Files\TouchGFX\platform\hal\simulator\sdl2">
      <UniqueIdentifier>{B48CB42B-0F9E-4815-BFE1-1ACC1150ED8A}</UniqueIdentifier>
    </Filter>
    <Filter Include="Source Files\simulator">
      <UniqueIdentifier>{C07B03A9-A55E-47AA-AD61-59A6AAD754E6}</UniqueIdentifier>
    </Filter>
    <Filter Include="Source Files\generated">
      <UniqueIdentifier>{C07B02B9-A55E-47AB-AD61-59A6AAD754E6}</UniqueIdentifier>
    </Filter>
    <Filter Include="Source Files\generated\simulator">
      <UniqueIdentifier>{C07B02B9-A55E-47AA-AD61-59A6AAD754E6}</UniqueIdentifier>
    </Filter>
    <Filter Include="Header Files\gui">
      <UniqueIdentifier>A7012077-55F8-2ACE-54E0-6A14D51D7A6B</UniqueIdentifier>
    </Filter>
    <Filter Include="Source Files\gui">
      <UniqueIdentifier>DEFD0AFF-28FD-54C5-80D8-37213FC8D906</UniqueIdentifier>
    </Filter>
    <Filter Include="Header Files\gui\model">
      <UniqueIdentifier>D94B5A01-E271-499B-496E-2BB2A77557DA</UniqueIdentifier>
    </Filter>
    <Filter Include="Source Files\gui\model">
      <UniqueIdentifier>8D374F1C-275B-30DF-6E32-FBF522A9CD3B</UniqueIdentifier>
    </Filter>
    <Filter Include="Header Files\generated\gui_generated">
      <UniqueIdentifier>AE4BB065-12E2-3A85-BD79-33DB50644BAE</UniqueIdentifier>
    </Filter>
    <Filter Include="Header Files\gui\common">
      <UniqueIdentifier>9AF3CFFD-842F-3DC7-27DA-B7ABE11D3828</UniqueIdentifier>
    </Filter>
    <Filter Include="Source Files\generated\gui_generated">
      <UniqueIdentifier>1673793D-B5FC-A61D-5E51-6192F3CDE6A0</UniqueIdentifier>
    </Filter>
    <Filter Include="Source Files\gui\common">
      <UniqueIdentifier>833680ED-6A82-495F-E36F-39AE7D0806D8</UniqueIdentifier>
    </Filter>
    <Filter Include="Header Files\generated\simulator\include">
      <UniqueIdentifier>4042C160-9F88-3C8D-2801-C604B236CFE5</UniqueIdentifier>
    </Filter>
    <Filter Include="Header Files\generated\gui_generated\common">
      <UniqueIdentifier>B647F0B2-523F-ABAA-39C8-2D600C86DE0C</UniqueIdentifier>
    </Filter>
    <Filter Include="Source Files\generated\gui_generated\common">
      <UniqueIdentifier>63372085-C585-83C6-9801-6DC442E210D7</UniqueIdentifier>
    </Filter>
    <Filter Include="Source Files\generated\simulator\video">
      <UniqueIdentifier>912E7D14-3A82-E02E-DD22-76A2C1F42279</UniqueIdentifier>
    </Filter>
    <Filter Include="Header Files\generated\simulator\include\simulator">
      <UniqueIdentifier>912A8EB5-0BB3-DCBF-1C65-1B11ED5899F3</UniqueIdentifier>
    </Filter>
    <Filter Include="Header Files\generated\simulator\include\simulator\video">
      <UniqueIdentifier>549B4CE7-1C20-81B2-C853-B4BC90A6E0EA</UniqueIdentifier>
    </Filter>
    <Filter Include="Header Files\gui\main_screen">
      <UniqueIdentifier>1D44FCA6-BEAB-23DC-C168-30BDCC00ADB1</UniqueIdentifier>
    </Filter>
    <Filter Include="Source Files\gui\main_screen">
      <UniqueIdentifier>AF42031C-F540-1D45-42B2-5953DF1A5F56</UniqueIdentifier>
    </Filter>
    <Filter Include="Header Files\generated\gui_generated\main_screen">
      <UniqueIdentifier>5AB05E50-52F5-E258-C74C-93E97C77BFAB</UniqueIdentifier>
    </Filter>
    <Filter Include="Source Files\generated\gui_generated\main_screen">
      <UniqueIdentifier>7C3FE748-133E-DACC-118D-F79080BBCAA1</UniqueIdentifier>
    </Filter>
    <Filter Include="Header Files\gui\settings_back_screen">
      <UniqueIdentifier>7377D237-7E3C-8AA4-19E5-8FA84F073FFA</UniqueIdentifier>
    </Filter>
    <Filter Include="Source Files\gui\settings_back_screen">
      <UniqueIdentifier>C88CECDA-32AA-E4DE-A51C-326019AB75B3</UniqueIdentifier>
    </Filter>
    <Filter Include="Header Files\generated\gui_generated\settings_back_screen">
      <UniqueIdentifier>319BB8C8-16E9-4CF5-053B-C771CEAF14C4</UniqueIdentifier>
    </Filter>
    <Filter Include="Source Files\generated\gui_generated\settings_back_screen">
      <UniqueIdentifier>63C315B9-C344-2E7B-74FA-35A95E53836F</UniqueIdentifier>
    </Filter>
    <Filter Include="Source Files\gui\settings_data_logging_screen">
      <UniqueIdentifier>3DC38B35-5A48-73D4-A461-6BA6CE05824F</UniqueIdentifier>
    </Filter>
    <Filter Include="Header Files\gui\settings_data_logging_screen">
      <UniqueIdentifier>2E0EFF4F-A462-F8F4-C7F8-5CF2F4BB0944</UniqueIdentifier>
    </Filter>
    <Filter Include="Header Files\gui\settings_temperature_screen">
      <UniqueIdentifier>495315E6-9570-B33F-5009-817B78462F5C</UniqueIdentifier>
    </Filter>
    <Filter Include="Header Files\gui\settings_alarm_screen">
      <UniqueIdentifier>04D592B1-93B7-023A-482E-62DD493BA171</UniqueIdentifier>
    </Filter>
    <Filter Include="Source Files\gui\settings_alarm_screen">
      <UniqueIdentifier>DF47B4D2-713A-60B0-167A-E61E2C4CEE78</UniqueIdentifier>
    </Filter>
    <Filter Include="Source Files\gui\settings_temperature_screen">
      <UniqueIdentifier>12874BFB-1BA2-7DEF-2E2E-6B552376D697</UniqueIdentifier>
    </Filter>
    <Filter Include="Header Files\generated\gui_generated\settings_data_logging_screen">
      <UniqueIdentifier>048B3BA0-49F2-132E-40AE-99FB565C8522</UniqueIdentifier>
    </Filter>
    <Filter Include="Source Files\generated\gui_generated\settings_data_logging_screen">
      <UniqueIdentifier>88F19E35-4663-F4F5-FAD1-CBB0DD49DC5F</UniqueIdentifier>
    </Filter>
    <Filter Include="Source Files\generated\gui_generated\settings_temperature_screen">
      <UniqueIdentifier>4DCBEEE6-B1CC-AED2-A851-6062B951FDE1</UniqueIdentifier>
    </Filter>
    <Filter Include="Header Files\generated\gui_generated\settings_alarm_screen">
      <UniqueIdentifier>ABB483F8-C04A-135A-5DC0-B1BAB5B4462B</UniqueIdentifier>
    </Filter>
    <Filter Include="Header Files\generated\gui_generated\settings_temperature_screen">
      <UniqueIdentifier>BD7519B7-C95E-0309-CBA4-CD724750D8A3</UniqueIdentifier>
    </Filter>
    <Filter Include="Source Files\generated\gui_generated\settings_alarm_screen">
      <UniqueIdentifier>0C293FD4-7FCF-066E-37E7-AF06E5538344</UniqueIdentifier>
    </Filter>
    <Filter Include="Source Files\gui\settings_date_time_screen">
      <UniqueIdentifier>F1585BDE-BAE4-0CB3-5BF8-71E3DA16F0E6</UniqueIdentifier>
    </Filter>
    <Filter Include="Source Files\gui\settings_date_time_back_screen">
      <UniqueIdentifier>852A3042-9713-4F99-62AF-28ADB940884C</UniqueIdentifier>
    </Filter>
    <Filter Include="Header Files\gui\settings_date_time_screen">
      <UniqueIdentifier>E4EFD041-E048-1BB8-0D41-8990457970A1</UniqueIdentifier>
    </Filter>
    <Filter Include="Header Files\gui\settings_date_time_year_screen">
      <UniqueIdentifier>979571EB-8C6C-957B-4AB8-5E055024046C</UniqueIdentifier>
    </Filter>
    <Filter Include="Source Files\gui\settings_date_time_year_screen">
      <UniqueIdentifier>36C88FA3-32A2-1A73-0B41-C2EE3B2393A9</UniqueIdentifier>
    </Filter>
    <Filter Include="Source Files\gui\settings_temperature_set_point_chil_back_screen">
      <UniqueIdentifier>AE3328E1-02B2-9A2A-7DB7-1AE250010C73</UniqueIdentifier>
    </Filter>
    <Filter Include="Header Files\gui\settings_temperature_set_point_chil_back_screen">
      <UniqueIdentifier>75C46E2F-8234-EAC2-BAFE-7A69A5EB3614</UniqueIdentifier>
    </Filter>
    <Filter Include="Header Files\gui\settings_date_time_back_screen">
      <UniqueIdentifier>E33966F8-5536-E904-F183-EC13F81AEB4E</UniqueIdentifier>
    </Filter>
    <Filter Include="Source Files\gui\settings_temperature_set_point_chill_enter_screen">
      <UniqueIdentifier>BF3A665A-E21D-3CCB-8BF4-8AE5767DCF44</UniqueIdentifier>
    </Filter>
    <Filter Include="Header Files\gui\settings_temperature_set_point_chill_enter_screen">
      <UniqueIdentifier>8447945F-80CF-8F2A-9A86-BC71BFD47DB7</UniqueIdentifier>
    </Filter>
    <Filter Include="Header Files\gui\settings_date_time_month_screen">
      <UniqueIdentifier>1A1FA176-E6B8-F475-21E5-CAB4A7E33589</UniqueIdentifier>
    </Filter>
    <Filter Include="Source Files\gui\settings_date_time_month_screen">
      <UniqueIdentifier>E87C0B55-9224-BB5A-810D-753948919FD5</UniqueIdentifier>
    </Filter>
    <Filter Include="Source Files\gui\settings_temperature_set_point_chill_screen">
      <UniqueIdentifier>BADBAA4B-6C70-FD0D-AA00-C8A4832B51CF</UniqueIdentifier>
    </Filter>
    <Filter Include="Header Files\gui\settings_temperature_set_point_chill_screen">
      <UniqueIdentifier>CF872A7D-9829-63B8-61DD-E82DB6F76F91</UniqueIdentifier>
    </Filter>
    <Filter Include="Header Files\gui\settings_date_time_minute_screen">
      <UniqueIdentifier>B2AD1A04-C5C1-2140-27EC-6FF46665ECCC</UniqueIdentifier>
    </Filter>
    <Filter Include="Source Files\gui\settings_date_time_minute_screen">
      <UniqueIdentifier>3016A319-E456-F593-D313-E8214F17F287</UniqueIdentifier>
    </Filter>
    <Filter Include="Source Files\gui\settings_date_time_day_screen">
      <UniqueIdentifier>B34648C1-877A-6ED5-6D72-3812AF1723C4</UniqueIdentifier>
    </Filter>
    <Filter Include="Source Files\gui\settings_temperature_set_point_freeze_back_screen">
      <UniqueIdentifier>CDE5858E-AE07-BD8E-76DB-779F92D113BB</UniqueIdentifier>
    </Filter>
    <Filter Include="Header Files\gui\settings_temperature_set_point_freeze_back_screen">
      <UniqueIdentifier>D499338D-96C7-BD3B-C684-08BC729AD21E</UniqueIdentifier>
    </Filter>
    <Filter Include="Header Files\gui\settings_date_time_day_screen">
      <UniqueIdentifier>CE36609D-5B14-D917-4E95-0BF9A8AC7F78</UniqueIdentifier>
    </Filter>
    <Filter Include="Header Files\gui\settings_temperature_set_point_freeze_screen">
      <UniqueIdentifier>32C51BCE-64CB-7255-E920-C6D442F233AB</UniqueIdentifier>
    </Filter>
    <Filter Include="Header Files\gui\settings_date_time_hour_screen">
      <UniqueIdentifier>8C53EBEA-3F18-2770-0CED-B22FC096AD7A</UniqueIdentifier>
    </Filter>
    <Filter Include="Source Files\gui\settings_temperature_set_point_freeze_enter_screen">
      <UniqueIdentifier>F82C5FA4-C1BC-6AD2-EF61-F01703263818</UniqueIdentifier>
    </Filter>
    <Filter Include="Source Files\gui\settings_date_time_hour_screen">
      <UniqueIdentifier>25AA6011-1894-1F9C-D8B4-C8CCE141B87F</UniqueIdentifier>
    </Filter>
    <Filter Include="Header Files\gui\settings_temperature_set_point_freeze_enter_screen">
      <UniqueIdentifier>860D9B43-26F4-1010-1FB2-57927F586054</UniqueIdentifier>
    </Filter>
    <Filter Include="Source Files\gui\settings_temperature_set_point_freeze_screen">
      <UniqueIdentifier>52D3EABA-B889-F230-0374-293A670C38EA</UniqueIdentifier>
    </Filter>
    <Filter Include="Header Files\generated\gui_generated\settings_temperature_set_point_freeze_enter_screen">
      <UniqueIdentifier>556661DF-4223-87CE-3D34-55A1C4790C94</UniqueIdentifier>
    </Filter>
    <Filter Include="Header Files\generated\gui_generated\settings_date_time_day_screen">
      <UniqueIdentifier>56B5DD6A-203C-C4AB-3C03-39516025D2D3</UniqueIdentifier>
    </Filter>
    <Filter Include="Source Files\generated\gui_generated\settings_temperature_set_point_freeze_enter_screen">
      <UniqueIdentifier>D9E6BB38-527C-C893-415B-B223BDDBA9F7</UniqueIdentifier>
    </Filter>
    <Filter Include="Header Files\generated\gui_generated\settings_temperature_set_point_freeze_back_screen">
      <UniqueIdentifier>4F1C5015-B548-2207-E276-E72DFF8ADD63</UniqueIdentifier>
    </Filter>
    <Filter Include="Source Files\generated\gui_generated\settings_temperature_set_point_freeze_back_screen">
      <UniqueIdentifier>3AF5B97F-144E-05C7-473E-38A8542A6B61</UniqueIdentifier>
    </Filter>
    <Filter Include="Source Files\generated\gui_generated\settings_date_time_hour_screen">
      <UniqueIdentifier>33507268-9468-28A2-4DDD-96B7B2884829</UniqueIdentifier>
    </Filter>
    <Filter Include="Source Files\generated\gui_generated\settings_temperature_set_point_freeze_screen">
      <UniqueIdentifier>A2770FA5-156B-0EA5-BB09-2F41F1669E41</UniqueIdentifier>
    </Filter>
    <Filter Include="Header Files\generated\gui_generated\settings_date_time_hour_screen">
      <UniqueIdentifier>76EBE429-D39D-66F4-BEAD-1E7BE065EC1B</UniqueIdentifier>
    </Filter>
    <Filter Include="Header Files\generated\gui_generated\settings_temperature_set_point_chill_screen">
      <UniqueIdentifier>25206ED5-6E57-9526-B201-8025E194521F</UniqueIdentifier>
    </Filter>
    <Filter Include="Source Files\generated\gui_generated\settings_temperature_set_point_chill_screen">
      <UniqueIdentifier>2C217CB7-448C-AFF5-9B80-054746B334D1</UniqueIdentifier>
    </Filter>
    <Filter Include="Header Files\generated\gui_generated\settings_temperature_set_point_freeze_screen">
      <UniqueIdentifier>B3F6DEF4-BC8D-F409-2C9C-88B83AC88C6E</UniqueIdentifier>
    </Filter>
    <Filter Include="Source Files\generated\gui_generated\settings_date_time_minute_screen">
      <UniqueIdentifier>080CC2B8-B062-C2E8-9C9C-5A1773EB710B</UniqueIdentifier>
    </Filter>
    <Filter Include="Header Files\generated\gui_generated\settings_date_time_minute_screen">
      <UniqueIdentifier>7298D966-4CD2-3C86-7F07-B510D4EC88E5</UniqueIdentifier>
    </Filter>
    <Filter Include="Header Files\generated\gui_generated\settings_date_time_back_screen">
      <UniqueIdentifier>A8389E2B-6C2F-2990-32AF-883ECA777AFB</UniqueIdentifier>
    </Filter>
    <Filter Include="Header Files\generated\gui_generated\settings_temperature_set_point_chill_enter_screen">
      <UniqueIdentifier>A871BF39-4215-9A8F-F685-16C7903BBB85</UniqueIdentifier>
    </Filter>
    <Filter Include="Source Files\generated\gui_generated\settings_temperature_set_point_chill_enter_screen">
      <UniqueIdentifier>BA4E1658-6393-47DD-80BF-7FDFF46D5D67</UniqueIdentifier>
    </Filter>
    <Filter Include="Source Files\generated\gui_generated\settings_date_time_back_screen">
      <UniqueIdentifier>56DD0795-2AAC-8D7C-4B7A-AF006BC4E203</UniqueIdentifier>
    </Filter>
    <Filter Include="Header Files\generated\gui_generated\settings_temperature_set_point_chil_back_screen">
      <UniqueIdentifier>E1FCBF47-6B34-CB96-B5A2-72DD80E26B1C</UniqueIdentifier>
    </Filter>
    <Filter Include="Source Files\generated\gui_generated\settings_date_time_month_screen">
      <UniqueIdentifier>7E7428D2-FD78-D3DF-C917-6CB4C1BC99C2</UniqueIdentifier>
    </Filter>
    <Filter Include="Source Files\generated\gui_generated\settings_temperature_set_point_chil_back_screen">
      <UniqueIdentifier>7C195442-1D7D-A1CD-BD97-226B9267C110</UniqueIdentifier>
    </Filter>
    <Filter Include="Header Files\generated\gui_generated\settings_date_time_month_screen">
      <UniqueIdentifier>90CDD0F0-7EBC-F702-BC40-F041C3443CC4</UniqueIdentifier>
    </Filter>
    <Filter Include="Header Files\generated\gui_generated\settings_date_time_screen">
      <UniqueIdentifier>C12E9C9E-D78B-C2EE-F475-99CDE26C4D29</UniqueIdentifier>
    </Filter>
    <Filter Include="Source Files\generated\gui_generated\settings_date_time_screen">
      <UniqueIdentifier>75040E8D-506C-5279-18E7-FE079CBAA63B</UniqueIdentifier>
    </Filter>
    <Filter Include="Source Files\generated\gui_generated\settings_date_time_year_screen">
      <UniqueIdentifier>56B4B0A3-1087-A062-1273-08666369C68F</UniqueIdentifier>
    </Filter>
    <Filter Include="Header Files\generated\gui_generated\settings_date_time_year_screen">
      <UniqueIdentifier>9D2E91BE-5F14-9A4D-79D4-E25D3AF7BEEB</UniqueIdentifier>
    </Filter>
    <Filter Include="Source Files\generated\gui_generated\settings_date_time_day_screen">
      <UniqueIdentifier>0EB37F4E-D178-EB18-0785-25061821ADC9</UniqueIdentifier>
    </Filter>
  </ItemGroup>
  <ItemGroup>
    <ClCompile Include="$(TouchGFXReleasePath)\framework\source\platform\driver\touch\SDL2TouchController.cpp">
      <Filter>Source Files\TouchGFX\platform\driver\touch</Filter>
    </ClCompile>
    <ClCompile Include="$(TouchGFXReleasePath)\framework\source\platform\hal\simulator\sdl2\HALSDL2.cpp">
      <Filter>Source Files\TouchGFX\platform\hal\simulator\sdl2</Filter>
    </ClCompile>
    <ClCompile Include="$(TouchGFXReleasePath)\framework\source\platform\hal\simulator\sdl2\HALSDL2_icon.cpp">
      <Filter>Source Files\TouchGFX\platform\hal\simulator\sdl2</Filter>
    </ClCompile>
    <ClCompile Include="$(TouchGFXReleasePath)\framework\source\platform\hal\simulator\sdl2\OSWrappers.cpp">
      <Filter>Source Files\TouchGFX\platform\hal\simulator\sdl2</Filter>
    </ClCompile>
    <ClCompile Include="$(ApplicationRoot)\simulator\main.cpp">
      <Filter>Source Files\simulator</Filter>
    </ClCompile>
    <ClCompile Include="$(ApplicationRoot)\generated\simulator\src\mainBase.cpp">
      <Filter>Source Files\generated\simulator</Filter>
    </ClCompile>
    <ClCompile Include="..\..\gui\src\common\FrontendApplication.cpp">
      <Filter>Source Files\gui\common</Filter>
    </ClCompile>
    <ClCompile Include="..\..\generated\gui_generated\src\common\FrontendApplicationBase.cpp">
      <Filter>Source Files\generated\gui_generated\common</Filter>
    </ClCompile>
    <ClCompile Include="..\..\gui\src\model\Model.cpp">
      <Filter>Source Files\gui\model</Filter>
    </ClCompile>
    <ClCompile Include="..\..\generated\simulator\src\video\SoftwareMJPEGDecoder.cpp">
      <Filter>Source Files\generated\simulator\video</Filter>
    </ClCompile>
    <ClCompile Include="..\..\gui\src\main_screen\MainPresenter.cpp">
      <Filter>Source Files\gui\main_screen</Filter>
    </ClCompile>
    <ClCompile Include="..\..\gui\src\main_screen\MainView.cpp">
      <Filter>Source Files\gui\main_screen</Filter>
    </ClCompile>
    <ClCompile Include="..\..\generated\gui_generated\src\main_screen\MainViewBase.cpp">
      <Filter>Source Files\generated\gui_generated\main_screen</Filter>
    </ClCompile>
    <ClCompile Include="..\..\gui\src\settings_data_logging_screen\Settings_data_loggingPresenter.cpp">
      <Filter>Source Files\gui\settings_data_logging_screen</Filter>
    </ClCompile>
    <ClCompile Include="..\..\gui\src\settings_data_logging_screen\Settings_data_loggingView.cpp">
      <Filter>Source Files\gui\settings_data_logging_screen</Filter>
    </ClCompile>
    <ClCompile Include="..\..\generated\gui_generated\src\settings_data_logging_screen\Settings_data_loggingViewBase.cpp">
      <Filter>Source Files\generated\gui_generated\settings_data_logging_screen</Filter>
    </ClCompile>
    <ClCompile Include="..\..\gui\src\settings_temperature_screen\Settings_temperaturePresenter.cpp">
      <Filter>Source Files\gui\settings_temperature_screen</Filter>
    </ClCompile>
    <ClCompile Include="..\..\gui\src\settings_temperature_screen\Settings_temperatureView.cpp">
      <Filter>Source Files\gui\settings_temperature_screen</Filter>
    </ClCompile>
    <ClCompile Include="..\..\generated\gui_generated\src\settings_temperature_screen\Settings_temperatureViewBase.cpp">
      <Filter>Source Files\generated\gui_generated\settings_temperature_screen</Filter>
    </ClCompile>
    <ClCompile Include="..\..\gui\src\settings_date_time_back_screen\Settings_date_time_backPresenter.cpp">
      <Filter>Source Files\gui\settings_date_time_back_screen</Filter>
    </ClCompile>
    <ClCompile Include="..\..\gui\src\settings_date_time_back_screen\Settings_date_time_backView.cpp">
      <Filter>Source Files\gui\settings_date_time_back_screen</Filter>
    </ClCompile>
    <ClCompile Include="..\..\generated\gui_generated\src\settings_date_time_back_screen\Settings_date_time_backViewBase.cpp">
      <Filter>Source Files\generated\gui_generated\settings_date_time_back_screen</Filter>
    </ClCompile>
    <ClCompile Include="..\..\gui\src\settings_date_time_day_screen\Settings_date_time_dayPresenter.cpp">
      <Filter>Source Files\gui\settings_date_time_day_screen</Filter>
    </ClCompile>
    <ClCompile Include="..\..\gui\src\settings_date_time_day_screen\Settings_date_time_dayView.cpp">
      <Filter>Source Files\gui\settings_date_time_day_screen</Filter>
    </ClCompile>
    <ClCompile Include="..\..\generated\gui_generated\src\settings_date_time_day_screen\Settings_date_time_dayViewBase.cpp">
      <Filter>Source Files\generated\gui_generated\settings_date_time_day_screen</Filter>
    </ClCompile>
    <ClCompile Include="..\..\gui\src\settings_date_time_hour_screen\Settings_date_time_hourPresenter.cpp">
      <Filter>Source Files\gui\settings_date_time_hour_screen</Filter>
    </ClCompile>
    <ClCompile Include="..\..\gui\src\settings_date_time_hour_screen\Settings_date_time_hourView.cpp">
      <Filter>Source Files\gui\settings_date_time_hour_screen</Filter>
    </ClCompile>
    <ClCompile Include="..\..\generated\gui_generated\src\settings_date_time_hour_screen\Settings_date_time_hourViewBase.cpp">
      <Filter>Source Files\generated\gui_generated\settings_date_time_hour_screen</Filter>
    </ClCompile>
    <ClCompile Include="..\..\gui\src\settings_date_time_minute_screen\Settings_date_time_minutePresenter.cpp">
      <Filter>Source Files\gui\settings_date_time_minute_screen</Filter>
    </ClCompile>
    <ClCompile Include="..\..\gui\src\settings_date_time_minute_screen\Settings_date_time_minuteView.cpp">
      <Filter>Source Files\gui\settings_date_time_minute_screen</Filter>
    </ClCompile>
    <ClCompile Include="..\..\generated\gui_generated\src\settings_date_time_minute_screen\Settings_date_time_minuteViewBase.cpp">
      <Filter>Source Files\generated\gui_generated\settings_date_time_minute_screen</Filter>
    </ClCompile>
    <ClCompile Include="..\..\gui\src\settings_date_time_month_screen\Settings_date_time_monthPresenter.cpp">
      <Filter>Source Files\gui\settings_date_time_month_screen</Filter>
    </ClCompile>
    <ClCompile Include="..\..\gui\src\settings_date_time_month_screen\Settings_date_time_monthView.cpp">
      <Filter>Source Files\gui\settings_date_time_month_screen</Filter>
    </ClCompile>
    <ClCompile Include="..\..\generated\gui_generated\src\settings_date_time_month_screen\Settings_date_time_monthViewBase.cpp">
      <Filter>Source Files\generated\gui_generated\settings_date_time_month_screen</Filter>
    </ClCompile>
    <ClCompile Include="..\..\gui\src\settings_date_time_year_screen\Settings_date_time_yearPresenter.cpp">
      <Filter>Source Files\gui\settings_date_time_year_screen</Filter>
    </ClCompile>
    <ClCompile Include="..\..\gui\src\settings_date_time_year_screen\Settings_date_time_yearView.cpp">
      <Filter>Source Files\gui\settings_date_time_year_screen</Filter>
    </ClCompile>
    <ClCompile Include="..\..\generated\gui_generated\src\settings_date_time_year_screen\Settings_date_time_yearViewBase.cpp">
      <Filter>Source Files\generated\gui_generated\settings_date_time_year_screen</Filter>
    </ClCompile>
    <ClCompile Include="..\..\gui\src\settings_date_time_screen\Settings_date_timePresenter.cpp">
      <Filter>Source Files\gui\settings_date_time_screen</Filter>
    </ClCompile>
    <ClCompile Include="..\..\gui\src\settings_date_time_screen\Settings_date_timeView.cpp">
      <Filter>Source Files\gui\settings_date_time_screen</Filter>
    </ClCompile>
    <ClCompile Include="..\..\generated\gui_generated\src\settings_date_time_screen\Settings_date_timeViewBase.cpp">
      <Filter>Source Files\generated\gui_generated\settings_date_time_screen</Filter>
    </ClCompile>
    <ClCompile Include="..\..\gui\src\settings_temperature_set_point_chil_back_screen\Settings_temperature_set_point_chil_backPresenter.cpp">
      <Filter>Source Files\gui\settings_temperature_set_point_chil_back_screen</Filter>
    </ClCompile>
    <ClCompile Include="..\..\gui\src\settings_temperature_set_point_chil_back_screen\Settings_temperature_set_point_chil_backView.cpp">
      <Filter>Source Files\gui\settings_temperature_set_point_chil_back_screen</Filter>
    </ClCompile>
    <ClCompile Include="..\..\generated\gui_generated\src\settings_temperature_set_point_chil_back_screen\Settings_temperature_set_point_chil_backViewBase.cpp">
      <Filter>Source Files\generated\gui_generated\settings_temperature_set_point_chil_back_screen</Filter>
    </ClCompile>
    <ClCompile Include="..\..\gui\src\settings_temperature_set_point_chill_enter_screen\Settings_temperature_set_point_chill_enterPresenter.cpp">
      <Filter>Source Files\gui\settings_temperature_set_point_chill_enter_screen</Filter>
    </ClCompile>
    <ClCompile Include="..\..\gui\src\settings_temperature_set_point_chill_enter_screen\Settings_temperature_set_point_chill_enterView.cpp">
      <Filter>Source Files\gui\settings_temperature_set_point_chill_enter_screen</Filter>
    </ClCompile>
    <ClCompile Include="..\..\generated\gui_generated\src\settings_temperature_set_point_chill_enter_screen\Settings_temperature_set_point_chill_enterViewBase.cpp">
      <Filter>Source Files\generated\gui_generated\settings_temperature_set_point_chill_enter_screen</Filter>
    </ClCompile>
    <ClCompile Include="..\..\gui\src\settings_temperature_set_point_chill_screen\Settings_temperature_set_point_chillPresenter.cpp">
      <Filter>Source Files\gui\settings_temperature_set_point_chill_screen</Filter>
    </ClCompile>
    <ClCompile Include="..\..\gui\src\settings_temperature_set_point_chill_screen\Settings_temperature_set_point_chillView.cpp">
      <Filter>Source Files\gui\settings_temperature_set_point_chill_screen</Filter>
    </ClCompile>
    <ClCompile Include="..\..\generated\gui_generated\src\settings_temperature_set_point_chill_screen\Settings_temperature_set_point_chillViewBase.cpp">
      <Filter>Source Files\generated\gui_generated\settings_temperature_set_point_chill_screen</Filter>
    </ClCompile>
    <ClCompile Include="..\..\gui\src\settings_temperature_set_point_freeze_back_screen\Settings_temperature_set_point_freeze_backPresenter.cpp">
      <Filter>Source Files\gui\settings_temperature_set_point_freeze_back_screen</Filter>
    </ClCompile>
    <ClCompile Include="..\..\gui\src\settings_temperature_set_point_freeze_back_screen\Settings_temperature_set_point_freeze_backView.cpp">
      <Filter>Source Files\gui\settings_temperature_set_point_freeze_back_screen</Filter>
    </ClCompile>
    <ClCompile Include="..\..\generated\gui_generated\src\settings_temperature_set_point_freeze_back_screen\Settings_temperature_set_point_freeze_backViewBase.cpp">
      <Filter>Source Files\generated\gui_generated\settings_temperature_set_point_freeze_back_screen</Filter>
    </ClCompile>
    <ClCompile Include="..\..\gui\src\settings_temperature_set_point_freeze_enter_screen\Settings_temperature_set_point_freeze_enterPresenter.cpp">
      <Filter>Source Files\gui\settings_temperature_set_point_freeze_enter_screen</Filter>
    </ClCompile>
    <ClCompile Include="..\..\gui\src\settings_temperature_set_point_freeze_enter_screen\Settings_temperature_set_point_freeze_enterView.cpp">
      <Filter>Source Files\gui\settings_temperature_set_point_freeze_enter_screen</Filter>
    </ClCompile>
    <ClCompile Include="..\..\generated\gui_generated\src\settings_temperature_set_point_freeze_enter_screen\Settings_temperature_set_point_freeze_enterViewBase.cpp">
      <Filter>Source Files\generated\gui_generated\settings_temperature_set_point_freeze_enter_screen</Filter>
    </ClCompile>
    <ClCompile Include="..\..\gui\src\settings_temperature_set_point_freeze_screen\Settings_temperature_set_point_freezePresenter.cpp">
      <Filter>Source Files\gui\settings_temperature_set_point_freeze_screen</Filter>
    </ClCompile>
    <ClCompile Include="..\..\gui\src\settings_temperature_set_point_freeze_screen\Settings_temperature_set_point_freezeView.cpp">
      <Filter>Source Files\gui\settings_temperature_set_point_freeze_screen</Filter>
    </ClCompile>
    <ClCompile Include="..\..\generated\gui_generated\src\settings_temperature_set_point_freeze_screen\Settings_temperature_set_point_freezeViewBase.cpp">
      <Filter>Source Files\generated\gui_generated\settings_temperature_set_point_freeze_screen</Filter>
    </ClCompile>
  </ItemGroup>
  <ItemGroup>
    <None Include="$(ApplicationRoot)\assets\texts\texts.xml">
      <Filter>Resource Files\assets\texts</Filter>
    </None>
    <None Include="$(ApplicationRoot)\config\msvs\Application.props">
      <Filter>Resource Files\config\msvs</Filter>
    </None>
  </ItemGroup>
  <ItemGroup>
    <ClInclude Include="$(TouchGFXReleasePath)\framework\include\common\AbstractPartition.hpp">
      <Filter>Header Files\TouchGFX\common</Filter>
    </ClInclude>
    <ClInclude Include="$(TouchGFXReleasePath)\framework\include\common\Meta.hpp">
      <Filter>Header Files\TouchGFX\common</Filter>
    </ClInclude>
    <ClInclude Include="$(TouchGFXReleasePath)\framework\include\common\Partition.hpp">
      <Filter>Header Files\TouchGFX\common</Filter>
    </ClInclude>
    <ClInclude Include="$(TouchGFXReleasePath)\framework\include\common\TouchGFXInit.hpp">
      <Filter>Header Files\TouchGFX\common</Filter>
    </ClInclude>
    <ClInclude Include="$(TouchGFXReleasePath)\framework\include\mvp\MVPApplication.hpp">
      <Filter>Header Files\TouchGFX\mvp</Filter>
    </ClInclude>
    <ClInclude Include="$(TouchGFXReleasePath)\framework\include\mvp\MVPHeap.hpp">
      <Filter>Header Files\TouchGFX\mvp</Filter>
    </ClInclude>
    <ClInclude Include="$(TouchGFXReleasePath)\framework\include\mvp\Presenter.hpp">
      <Filter>Header Files\TouchGFX\mvp</Filter>
    </ClInclude>
    <ClInclude Include="$(TouchGFXReleasePath)\framework\include\mvp\View.hpp">
      <Filter>Header Files\TouchGFX\mvp</Filter>
    </ClInclude>
    <ClInclude Include="$(TouchGFXReleasePath)\framework\include\platform\driver\lcd\LCD16bpp.hpp">
      <Filter>Header Files\TouchGFX\platform\driver\lcd</Filter>
    </ClInclude>
    <ClInclude Include="$(TouchGFXReleasePath)\framework\include\platform\driver\lcd\LCD1bpp.hpp">
      <Filter>Header Files\TouchGFX\platform\driver\lcd</Filter>
    </ClInclude>
    <ClInclude Include="$(TouchGFXReleasePath)\framework\include\platform\driver\lcd\LCD24bpp.hpp">
      <Filter>Header Files\TouchGFX\platform\driver\lcd</Filter>
    </ClInclude>
    <ClInclude Include="$(TouchGFXReleasePath)\framework\include\platform\driver\lcd\LCD2bpp.hpp">
      <Filter>Header Files\TouchGFX\platform\driver\lcd</Filter>
    </ClInclude>
    <ClInclude Include="$(TouchGFXReleasePath)\framework\include\platform\driver\lcd\LCD4bpp.hpp">
      <Filter>Header Files\TouchGFX\platform\driver\lcd</Filter>
    </ClInclude>
    <ClInclude Include="$(TouchGFXReleasePath)\framework\include\platform\driver\touch\SDL2TouchController.hpp">
      <Filter>Header Files\TouchGFX\platform\driver\touch</Filter>
    </ClInclude>
    <ClInclude Include="$(TouchGFXReleasePath)\framework\include\platform\hal\simulator\sdl2\HALSDL2.hpp">
      <Filter>Header Files\TouchGFX\platform\hal\simulator\sdl2</Filter>
    </ClInclude>
    <ClInclude Include="$(TouchGFXReleasePath)\framework\include\touchgfx\Application.hpp">
      <Filter>Header Files\TouchGFX\touchgfx</Filter>
    </ClInclude>
    <ClInclude Include="$(TouchGFXReleasePath)\framework\include\touchgfx\Bitmap.hpp">
      <Filter>Header Files\TouchGFX\touchgfx</Filter>
    </ClInclude>
    <ClInclude Include="$(TouchGFXReleasePath)\framework\include\touchgfx\Callback.hpp">
      <Filter>Header Files\TouchGFX\touchgfx</Filter>
    </ClInclude>
    <ClInclude Include="$(TouchGFXReleasePath)\framework\include\touchgfx\canvas_widget_renderer\CanvasWidgetRenderer.hpp">
      <Filter>Header Files\TouchGFX\touchgfx\canvas_widget_renderer</Filter>
    </ClInclude>
    <ClInclude Include="$(TouchGFXReleasePath)\framework\include\touchgfx\canvas_widget_renderer\Cell.hpp">
      <Filter>Header Files\TouchGFX\touchgfx\canvas_widget_renderer</Filter>
    </ClInclude>
    <ClInclude Include="$(TouchGFXReleasePath)\framework\include\touchgfx\canvas_widget_renderer\Outline.hpp">
      <Filter>Header Files\TouchGFX\touchgfx\canvas_widget_renderer</Filter>
    </ClInclude>
    <ClInclude Include="$(TouchGFXReleasePath)\framework\include\touchgfx\canvas_widget_renderer\Rasterizer.hpp">
      <Filter>Header Files\TouchGFX\touchgfx\canvas_widget_renderer</Filter>
    </ClInclude>
    <ClInclude Include="$(TouchGFXReleasePath)\framework\include\touchgfx\canvas_widget_renderer\Renderer.hpp">
      <Filter>Header Files\TouchGFX\touchgfx\canvas_widget_renderer</Filter>
    </ClInclude>
    <ClInclude Include="$(TouchGFXReleasePath)\framework\include\touchgfx\canvas_widget_renderer\RenderingBuffer.hpp">
      <Filter>Header Files\TouchGFX\touchgfx\canvas_widget_renderer</Filter>
    </ClInclude>
    <ClInclude Include="$(TouchGFXReleasePath)\framework\include\touchgfx\canvas_widget_renderer\RGBA8.hpp">
      <Filter>Header Files\TouchGFX\touchgfx\canvas_widget_renderer</Filter>
    </ClInclude>
    <ClInclude Include="$(TouchGFXReleasePath)\framework\include\touchgfx\canvas_widget_renderer\Scanline.hpp">
      <Filter>Header Files\TouchGFX\touchgfx\canvas_widget_renderer</Filter>
    </ClInclude>
    <ClInclude Include="$(TouchGFXReleasePath)\framework\include\touchgfx\Color.hpp">
      <Filter>Header Files\TouchGFX\touchgfx</Filter>
    </ClInclude>
    <ClInclude Include="$(TouchGFXReleasePath)\framework\include\touchgfx\ConstFont.hpp">
      <Filter>Header Files\TouchGFX\touchgfx</Filter>
    </ClInclude>
    <ClInclude Include="$(TouchGFXReleasePath)\framework\include\touchgfx\containers\clock\AbstractClock.hpp">
      <Filter>Header Files\TouchGFX\touchgfx\containers\clock</Filter>
    </ClInclude>
    <ClInclude Include="$(TouchGFXReleasePath)\framework\include\touchgfx\containers\clock\AnalogClock.hpp">
      <Filter>Header Files\TouchGFX\touchgfx\containers\clock</Filter>
    </ClInclude>
    <ClInclude Include="$(TouchGFXReleasePath)\framework\include\touchgfx\containers\clock\DigitalClock.hpp">
      <Filter>Header Files\TouchGFX\touchgfx\containers\clock</Filter>
    </ClInclude>
    <ClInclude Include="$(TouchGFXReleasePath)\framework\include\touchgfx\containers\Container.hpp">
      <Filter>Header Files\TouchGFX\touchgfx\containers</Filter>
    </ClInclude>
    <ClInclude Include="$(TouchGFXReleasePath)\framework\include\touchgfx\containers\ListLayout.hpp">
      <Filter>Header Files\TouchGFX\touchgfx\containers</Filter>
    </ClInclude>
    <ClInclude Include="$(TouchGFXReleasePath)\framework\include\touchgfx\containers\ModalWindow.hpp">
      <Filter>Header Files\TouchGFX\touchgfx\containers</Filter>
    </ClInclude>
    <ClInclude Include="$(TouchGFXReleasePath)\framework\include\touchgfx\containers\progress_indicators\AbstractDirectionProgress.hpp">
      <Filter>Header Files\TouchGFX\touchgfx\containers\progress_indicators</Filter>
    </ClInclude>
    <ClInclude Include="$(TouchGFXReleasePath)\framework\include\touchgfx\containers\progress_indicators\AbstractProgressIndicator.hpp">
      <Filter>Header Files\TouchGFX\touchgfx\containers\progress_indicators</Filter>
    </ClInclude>
    <ClInclude Include="$(TouchGFXReleasePath)\framework\include\touchgfx\containers\progress_indicators\BoxProgress.hpp">
      <Filter>Header Files\TouchGFX\touchgfx\containers\progress_indicators</Filter>
    </ClInclude>
    <ClInclude Include="$(TouchGFXReleasePath)\framework\include\touchgfx\containers\progress_indicators\CircleProgress.hpp">
      <Filter>Header Files\TouchGFX\touchgfx\containers\progress_indicators</Filter>
    </ClInclude>
    <ClInclude Include="$(TouchGFXReleasePath)\framework\include\touchgfx\containers\progress_indicators\ImageProgress.hpp">
      <Filter>Header Files\TouchGFX\touchgfx\containers\progress_indicators</Filter>
    </ClInclude>
    <ClInclude Include="$(TouchGFXReleasePath)\framework\include\touchgfx\containers\progress_indicators\LineProgress.hpp">
      <Filter>Header Files\TouchGFX\touchgfx\containers\progress_indicators</Filter>
    </ClInclude>
    <ClInclude Include="$(TouchGFXReleasePath)\framework\include\touchgfx\containers\progress_indicators\TextProgress.hpp">
      <Filter>Header Files\TouchGFX\touchgfx\containers\progress_indicators</Filter>
    </ClInclude>
    <ClInclude Include="$(TouchGFXReleasePath)\framework\include\touchgfx\containers\ScrollableContainer.hpp">
      <Filter>Header Files\TouchGFX\touchgfx\containers</Filter>
    </ClInclude>
    <ClInclude Include="$(TouchGFXReleasePath)\framework\include\touchgfx\containers\SlideMenu.hpp">
      <Filter>Header Files\TouchGFX\touchgfx\containers</Filter>
    </ClInclude>
    <ClInclude Include="$(TouchGFXReleasePath)\framework\include\touchgfx\containers\Slider.hpp">
      <Filter>Header Files\TouchGFX\touchgfx\containers</Filter>
    </ClInclude>
    <ClInclude Include="$(TouchGFXReleasePath)\framework\include\touchgfx\containers\ZoomAnimationImage.hpp">
      <Filter>Header Files\TouchGFX\touchgfx\containers</Filter>
    </ClInclude>
    <ClInclude Include="$(TouchGFXReleasePath)\framework\include\touchgfx\Drawable.hpp">
      <Filter>Header Files\TouchGFX\touchgfx</Filter>
    </ClInclude>
    <ClInclude Include="$(TouchGFXReleasePath)\framework\include\touchgfx\EasingEquations.hpp">
      <Filter>Header Files\TouchGFX\touchgfx</Filter>
    </ClInclude>
    <ClInclude Include="$(TouchGFXReleasePath)\framework\include\touchgfx\Event.hpp">
      <Filter>Header Files\TouchGFX\touchgfx</Filter>
    </ClInclude>
    <ClInclude Include="$(TouchGFXReleasePath)\framework\include\touchgfx\events\ClickEvent.hpp">
      <Filter>Header Files\TouchGFX\touchgfx\events</Filter>
    </ClInclude>
    <ClInclude Include="$(TouchGFXReleasePath)\framework\include\touchgfx\events\DragEvent.hpp">
      <Filter>Header Files\TouchGFX\touchgfx\events</Filter>
    </ClInclude>
    <ClInclude Include="$(TouchGFXReleasePath)\framework\include\touchgfx\events\GestureEvent.hpp">
      <Filter>Header Files\TouchGFX\touchgfx\events</Filter>
    </ClInclude>
    <ClInclude Include="$(TouchGFXReleasePath)\framework\include\touchgfx\Font.hpp">
      <Filter>Header Files\TouchGFX\touchgfx</Filter>
    </ClInclude>
    <ClInclude Include="$(TouchGFXReleasePath)\framework\include\touchgfx\FontManager.hpp">
      <Filter>Header Files\TouchGFX\touchgfx</Filter>
    </ClInclude>
    <ClInclude Include="$(TouchGFXReleasePath)\framework\include\touchgfx\hal\Atomic.hpp">
      <Filter>Header Files\TouchGFX\touchgfx\hal</Filter>
    </ClInclude>
    <ClInclude Include="$(TouchGFXReleasePath)\framework\include\touchgfx\hal\BlitOp.hpp">
      <Filter>Header Files\TouchGFX\touchgfx\hal</Filter>
    </ClInclude>
    <ClInclude Include="$(TouchGFXReleasePath)\framework\include\touchgfx\hal\BoardConfiguration.hpp">
      <Filter>Header Files\TouchGFX\touchgfx\hal</Filter>
    </ClInclude>
    <ClInclude Include="$(TouchGFXReleasePath)\framework\include\touchgfx\hal\Buttons.hpp">
      <Filter>Header Files\TouchGFX\touchgfx\hal</Filter>
    </ClInclude>
    <ClInclude Include="$(TouchGFXReleasePath)\framework\include\touchgfx\hal\Config.hpp">
      <Filter>Header Files\TouchGFX\touchgfx\hal</Filter>
    </ClInclude>
    <ClInclude Include="$(TouchGFXReleasePath)\framework\include\touchgfx\hal\DMA.hpp">
      <Filter>Header Files\TouchGFX\touchgfx\hal</Filter>
    </ClInclude>
    <ClInclude Include="$(TouchGFXReleasePath)\framework\include\touchgfx\hal\Gestures.hpp">
      <Filter>Header Files\TouchGFX\touchgfx\hal</Filter>
    </ClInclude>
    <ClInclude Include="$(TouchGFXReleasePath)\framework\include\touchgfx\hal\GPIO.hpp">
      <Filter>Header Files\TouchGFX\touchgfx\hal</Filter>
    </ClInclude>
    <ClInclude Include="$(TouchGFXReleasePath)\framework\include\touchgfx\hal\HAL.hpp">
      <Filter>Header Files\TouchGFX\touchgfx\hal</Filter>
    </ClInclude>
    <ClInclude Include="$(TouchGFXReleasePath)\framework\include\touchgfx\hal\LED.hpp">
      <Filter>Header Files\TouchGFX\touchgfx\hal</Filter>
    </ClInclude>
    <ClInclude Include="$(TouchGFXReleasePath)\framework\include\touchgfx\hal\NoDMA.hpp">
      <Filter>Header Files\TouchGFX\touchgfx\hal</Filter>
    </ClInclude>
    <ClInclude Include="$(TouchGFXReleasePath)\framework\include\touchgfx\hal\OSWrappers.hpp">
      <Filter>Header Files\TouchGFX\touchgfx\hal</Filter>
    </ClInclude>
    <ClInclude Include="$(TouchGFXReleasePath)\framework\include\touchgfx\hal\Types.hpp">
      <Filter>Header Files\TouchGFX\touchgfx\hal</Filter>
    </ClInclude>
    <ClInclude Include="$(TouchGFXReleasePath)\framework\include\touchgfx\InternalFlashFont.hpp">
      <Filter>Header Files\TouchGFX\touchgfx</Filter>
    </ClInclude>
    <ClInclude Include="$(TouchGFXReleasePath)\framework\include\touchgfx\JSMOCHelper.hpp">
      <Filter>Header Files\TouchGFX\touchgfx</Filter>
    </ClInclude>
    <ClInclude Include="$(TouchGFXReleasePath)\framework\include\touchgfx\lcd\LCD.hpp">
      <Filter>Header Files\TouchGFX\touchgfx\lcd</Filter>
    </ClInclude>
    <ClInclude Include="$(TouchGFXReleasePath)\framework\include\touchgfx\Math3D.hpp">
      <Filter>Header Files\TouchGFX\touchgfx</Filter>
    </ClInclude>
    <ClInclude Include="$(TouchGFXReleasePath)\framework\include\touchgfx\mixins\ClickListener.hpp">
      <Filter>Header Files\TouchGFX\touchgfx\mixins</Filter>
    </ClInclude>
    <ClInclude Include="$(TouchGFXReleasePath)\framework\include\touchgfx\mixins\Draggable.hpp">
      <Filter>Header Files\TouchGFX\touchgfx\mixins</Filter>
    </ClInclude>
    <ClInclude Include="$(TouchGFXReleasePath)\framework\include\touchgfx\mixins\FadeAnimator.hpp">
      <Filter>Header Files\TouchGFX\touchgfx\mixins</Filter>
    </ClInclude>
    <ClInclude Include="$(TouchGFXReleasePath)\framework\include\touchgfx\mixins\MoveAnimator.hpp">
      <Filter>Header Files\TouchGFX\touchgfx\mixins</Filter>
    </ClInclude>
    <ClInclude Include="$(TouchGFXReleasePath)\framework\include\touchgfx\mixins\PreRenderable.hpp">
      <Filter>Header Files\TouchGFX\touchgfx\mixins</Filter>
    </ClInclude>
    <ClInclude Include="$(TouchGFXReleasePath)\framework\include\touchgfx\mixins\Snapper.hpp">
      <Filter>Header Files\TouchGFX\touchgfx\mixins</Filter>
    </ClInclude>
    <ClInclude Include="$(TouchGFXReleasePath)\framework\include\touchgfx\Screen.hpp">
      <Filter>Header Files\TouchGFX\touchgfx</Filter>
    </ClInclude>
    <ClInclude Include="$(TouchGFXReleasePath)\framework\include\touchgfx\TextProvider.hpp">
      <Filter>Header Files\TouchGFX\touchgfx</Filter>
    </ClInclude>
    <ClInclude Include="$(TouchGFXReleasePath)\framework\include\touchgfx\Texts.hpp">
      <Filter>Header Files\TouchGFX\touchgfx</Filter>
    </ClInclude>
    <ClInclude Include="$(TouchGFXReleasePath)\framework\include\touchgfx\TextureMapTypes.hpp">
      <Filter>Header Files\TouchGFX\touchgfx</Filter>
    </ClInclude>
    <ClInclude Include="$(TouchGFXReleasePath)\framework\include\touchgfx\transforms\DisplayTransformation.hpp">
      <Filter>Header Files\TouchGFX\touchgfx\transforms</Filter>
    </ClInclude>
    <ClInclude Include="$(TouchGFXReleasePath)\framework\include\touchgfx\transforms\TouchCalibration.hpp">
      <Filter>Header Files\TouchGFX\touchgfx\transforms</Filter>
    </ClInclude>
    <ClInclude Include="$(TouchGFXReleasePath)\framework\include\touchgfx\transitions\NoTransition.hpp">
      <Filter>Header Files\TouchGFX\touchgfx\transitions</Filter>
    </ClInclude>
    <ClInclude Include="$(TouchGFXReleasePath)\framework\include\touchgfx\transitions\SlideTransition.hpp">
      <Filter>Header Files\TouchGFX\touchgfx\transitions</Filter>
    </ClInclude>
    <ClInclude Include="$(TouchGFXReleasePath)\framework\include\touchgfx\transitions\Transition.hpp">
      <Filter>Header Files\TouchGFX\touchgfx\transitions</Filter>
    </ClInclude>
    <ClInclude Include="$(TouchGFXReleasePath)\framework\include\touchgfx\TypedText.hpp">
      <Filter>Header Files\TouchGFX\touchgfx</Filter>
    </ClInclude>
    <ClInclude Include="$(TouchGFXReleasePath)\framework\include\touchgfx\UIEventListener.hpp">
      <Filter>Header Files\TouchGFX\touchgfx</Filter>
    </ClInclude>
    <ClInclude Include="$(TouchGFXReleasePath)\framework\include\touchgfx\Unicode.hpp">
      <Filter>Header Files\TouchGFX\touchgfx</Filter>
    </ClInclude>
    <ClInclude Include="$(TouchGFXReleasePath)\framework\include\touchgfx\Utils.hpp">
      <Filter>Header Files\TouchGFX\touchgfx</Filter>
    </ClInclude>
    <ClInclude Include="$(TouchGFXReleasePath)\framework\include\touchgfx\widgets\AbstractButton.hpp">
      <Filter>Header Files\TouchGFX\touchgfx\widgets</Filter>
    </ClInclude>
    <ClInclude Include="$(TouchGFXReleasePath)\framework\include\touchgfx\widgets\AnimatedImage.hpp">
      <Filter>Header Files\TouchGFX\touchgfx\widgets</Filter>
    </ClInclude>
    <ClInclude Include="$(TouchGFXReleasePath)\framework\include\touchgfx\widgets\AnimationTextureMapper.hpp">
      <Filter>Header Files\TouchGFX\touchgfx\widgets</Filter>
    </ClInclude>
    <ClInclude Include="$(TouchGFXReleasePath)\framework\include\touchgfx\widgets\Box.hpp">
      <Filter>Header Files\TouchGFX\touchgfx\widgets</Filter>
    </ClInclude>
    <ClInclude Include="$(TouchGFXReleasePath)\framework\include\touchgfx\widgets\Button.hpp">
      <Filter>Header Files\TouchGFX\touchgfx\widgets</Filter>
    </ClInclude>
    <ClInclude Include="$(TouchGFXReleasePath)\framework\include\touchgfx\widgets\ButtonWithIcon.hpp">
      <Filter>Header Files\TouchGFX\touchgfx\widgets</Filter>
    </ClInclude>
    <ClInclude Include="$(TouchGFXReleasePath)\framework\include\touchgfx\widgets\ButtonWithLabel.hpp">
      <Filter>Header Files\TouchGFX\touchgfx\widgets</Filter>
    </ClInclude>
    <ClInclude Include="$(TouchGFXReleasePath)\framework\include\touchgfx\widgets\canvas\AbstractPainter.hpp">
      <Filter>Header Files\TouchGFX\touchgfx\widgets\canvas</Filter>
    </ClInclude>
    <ClInclude Include="$(TouchGFXReleasePath)\framework\include\touchgfx\widgets\canvas\AbstractPainterBW.hpp">
      <Filter>Header Files\TouchGFX\touchgfx\widgets\canvas</Filter>
    </ClInclude>
    <ClInclude Include="$(TouchGFXReleasePath)\framework\include\touchgfx\widgets\canvas\AbstractPainterGRAY2.hpp">
      <Filter>Header Files\TouchGFX\touchgfx\widgets\canvas</Filter>
    </ClInclude>
    <ClInclude Include="$(TouchGFXReleasePath)\framework\include\touchgfx\widgets\canvas\AbstractPainterGRAY4.hpp">
      <Filter>Header Files\TouchGFX\touchgfx\widgets\canvas</Filter>
    </ClInclude>
    <ClInclude Include="$(TouchGFXReleasePath)\framework\include\touchgfx\widgets\canvas\AbstractPainterRGB565.hpp">
      <Filter>Header Files\TouchGFX\touchgfx\widgets\canvas</Filter>
    </ClInclude>
    <ClInclude Include="$(TouchGFXReleasePath)\framework\include\touchgfx\widgets\canvas\AbstractPainterRGB888.hpp">
      <Filter>Header Files\TouchGFX\touchgfx\widgets\canvas</Filter>
    </ClInclude>
    <ClInclude Include="$(TouchGFXReleasePath)\framework\include\touchgfx\widgets\canvas\AbstractShape.hpp">
      <Filter>Header Files\TouchGFX\touchgfx\widgets\canvas</Filter>
    </ClInclude>
    <ClInclude Include="$(TouchGFXReleasePath)\framework\include\touchgfx\widgets\canvas\Canvas.hpp">
      <Filter>Header Files\TouchGFX\touchgfx\widgets\canvas</Filter>
    </ClInclude>
    <ClInclude Include="$(TouchGFXReleasePath)\framework\include\touchgfx\widgets\canvas\CanvasWidget.hpp">
      <Filter>Header Files\TouchGFX\touchgfx\widgets\canvas</Filter>
    </ClInclude>
    <ClInclude Include="$(TouchGFXReleasePath)\framework\include\touchgfx\widgets\canvas\Circle.hpp">
      <Filter>Header Files\TouchGFX\touchgfx\widgets\canvas</Filter>
    </ClInclude>
    <ClInclude Include="$(TouchGFXReleasePath)\framework\include\touchgfx\widgets\canvas\CWRUtil.hpp">
      <Filter>Header Files\TouchGFX\touchgfx\widgets\canvas</Filter>
    </ClInclude>
    <ClInclude Include="$(TouchGFXReleasePath)\framework\include\touchgfx\widgets\canvas\Line.hpp">
      <Filter>Header Files\TouchGFX\touchgfx\widgets\canvas</Filter>
    </ClInclude>
    <ClInclude Include="$(TouchGFXReleasePath)\framework\include\touchgfx\widgets\canvas\PainterBW.hpp">
      <Filter>Header Files\TouchGFX\touchgfx\widgets\canvas</Filter>
    </ClInclude>
    <ClInclude Include="$(TouchGFXReleasePath)\framework\include\touchgfx\widgets\canvas\PainterGRAY2.hpp">
      <Filter>Header Files\TouchGFX\touchgfx\widgets\canvas</Filter>
    </ClInclude>
    <ClInclude Include="$(TouchGFXReleasePath)\framework\include\touchgfx\widgets\canvas\PainterGRAY2Bitmap.hpp">
      <Filter>Header Files\TouchGFX\touchgfx\widgets\canvas</Filter>
    </ClInclude>
    <ClInclude Include="$(TouchGFXReleasePath)\framework\include\touchgfx\widgets\canvas\PainterGRAY4.hpp">
      <Filter>Header Files\TouchGFX\touchgfx\widgets\canvas</Filter>
    </ClInclude>
    <ClInclude Include="$(TouchGFXReleasePath)\framework\include\touchgfx\widgets\canvas\PainterGRAY4Bitmap.hpp">
      <Filter>Header Files\TouchGFX\touchgfx\widgets\canvas</Filter>
    </ClInclude>
    <ClInclude Include="$(TouchGFXReleasePath)\framework\include\touchgfx\widgets\canvas\PainterRGB565.hpp">
      <Filter>Header Files\TouchGFX\touchgfx\widgets\canvas</Filter>
    </ClInclude>
    <ClInclude Include="$(TouchGFXReleasePath)\framework\include\touchgfx\widgets\canvas\PainterRGB565Bitmap.hpp">
      <Filter>Header Files\TouchGFX\touchgfx\widgets\canvas</Filter>
    </ClInclude>
    <ClInclude Include="$(TouchGFXReleasePath)\framework\include\touchgfx\widgets\canvas\PainterRGB888.hpp">
      <Filter>Header Files\TouchGFX\touchgfx\widgets\canvas</Filter>
    </ClInclude>
    <ClInclude Include="$(TouchGFXReleasePath)\framework\include\touchgfx\widgets\canvas\PainterRGB888Bitmap.hpp">
      <Filter>Header Files\TouchGFX\touchgfx\widgets\canvas</Filter>
    </ClInclude>
    <ClInclude Include="$(TouchGFXReleasePath)\framework\include\touchgfx\widgets\canvas\Shape.hpp">
      <Filter>Header Files\TouchGFX\touchgfx\widgets\canvas</Filter>
    </ClInclude>
    <ClInclude Include="$(TouchGFXReleasePath)\framework\include\touchgfx\widgets\Image.hpp">
      <Filter>Header Files\TouchGFX\touchgfx\widgets</Filter>
    </ClInclude>
    <ClInclude Include="$(TouchGFXReleasePath)\framework\include\touchgfx\widgets\Keyboard.hpp">
      <Filter>Header Files\TouchGFX\touchgfx\widgets</Filter>
    </ClInclude>
    <ClInclude Include="$(TouchGFXReleasePath)\framework\include\touchgfx\widgets\PixelDataWidget.hpp">
      <Filter>Header Files\TouchGFX\touchgfx\widgets</Filter>
    </ClInclude>
    <ClInclude Include="$(TouchGFXReleasePath)\framework\include\touchgfx\widgets\RadioButton.hpp">
      <Filter>Header Files\TouchGFX\touchgfx\widgets</Filter>
    </ClInclude>
    <ClInclude Include="$(TouchGFXReleasePath)\framework\include\touchgfx\widgets\RadioButtonGroup.hpp">
      <Filter>Header Files\TouchGFX\touchgfx\widgets</Filter>
    </ClInclude>
    <ClInclude Include="$(TouchGFXReleasePath)\framework\include\touchgfx\widgets\RepeatButton.hpp">
      <Filter>Header Files\TouchGFX\touchgfx\widgets</Filter>
    </ClInclude>
    <ClInclude Include="$(TouchGFXReleasePath)\framework\include\touchgfx\widgets\ScalableImage.hpp">
      <Filter>Header Files\TouchGFX\touchgfx\widgets</Filter>
    </ClInclude>
    <ClInclude Include="$(TouchGFXReleasePath)\framework\include\touchgfx\widgets\SnapshotWidget.hpp">
      <Filter>Header Files\TouchGFX\touchgfx\widgets</Filter>
    </ClInclude>
    <ClInclude Include="$(TouchGFXReleasePath)\framework\include\touchgfx\widgets\TextArea.hpp">
      <Filter>Header Files\TouchGFX\touchgfx\widgets</Filter>
    </ClInclude>
    <ClInclude Include="$(TouchGFXReleasePath)\framework\include\touchgfx\widgets\TextAreaWithWildcard.hpp">
      <Filter>Header Files\TouchGFX\touchgfx\widgets</Filter>
    </ClInclude>
    <ClInclude Include="$(TouchGFXReleasePath)\framework\include\touchgfx\widgets\TextureMapper.hpp">
      <Filter>Header Files\TouchGFX\touchgfx\widgets</Filter>
    </ClInclude>
    <ClInclude Include="$(TouchGFXReleasePath)\framework\include\touchgfx\widgets\TiledImage.hpp">
      <Filter>Header Files\TouchGFX\touchgfx\widgets</Filter>
    </ClInclude>
    <ClInclude Include="$(TouchGFXReleasePath)\framework\include\touchgfx\widgets\ToggleButton.hpp">
      <Filter>Header Files\TouchGFX\touchgfx\widgets</Filter>
    </ClInclude>
    <ClInclude Include="$(TouchGFXReleasePath)\framework\include\touchgfx\widgets\TouchArea.hpp">
      <Filter>Header Files\TouchGFX\touchgfx\widgets</Filter>
    </ClInclude>
    <ClInclude Include="$(TouchGFXReleasePath)\framework\include\touchgfx\widgets\Widget.hpp">
      <Filter>Header Files\TouchGFX\touchgfx\widgets</Filter>
    </ClInclude>
    <ClInclude Include="$(ApplicationRoot)\generated\simulator\include\simulator\mainBase.hpp">
      <Filter>Header Files\generated\simulator</Filter>
    </ClInclude>
    <ClInclude Include="..\..\generated\simulator\include\simulator\video\DirectFrameBufferVideoController.hpp">
      <Filter>Header Files\generated\simulator\include\simulator\video</Filter>
    </ClInclude>
    <ClInclude Include="..\..\gui\include\gui\common\FrontendApplication.hpp">
      <Filter>Header Files\gui\common</Filter>
    </ClInclude>
    <ClInclude Include="..\..\generated\gui_generated\include\gui_generated\common\FrontendApplicationBase.hpp">
      <Filter>Header Files\generated\gui_generated\common</Filter>
    </ClInclude>
    <ClInclude Include="..\..\gui\include\gui\common\FrontendHeap.hpp">
      <Filter>Header Files\gui\common</Filter>
    </ClInclude>
    <ClInclude Include="..\..\generated\gui_generated\include\gui_generated\common\FrontendHeapBase.hpp">
      <Filter>Header Files\generated\gui_generated\common</Filter>
    </ClInclude>
    <ClInclude Include="..\..\generated\simulator\include\simulator\video\MJPEGDecoder.hpp">
      <Filter>Header Files\generated\simulator\include\simulator\video</Filter>
    </ClInclude>
    <ClInclude Include="..\..\gui\include\gui\model\Model.hpp">
      <Filter>Header Files\gui\model</Filter>
    </ClInclude>
    <ClInclude Include="..\..\gui\include\gui\model\ModelListener.hpp">
      <Filter>Header Files\gui\model</Filter>
    </ClInclude>
    <ClInclude Include="..\..\generated\gui_generated\include\gui_generated\common\SimConstants.hpp">
      <Filter>Header Files\generated\gui_generated\common</Filter>
    </ClInclude>
    <ClInclude Include="..\..\generated\simulator\include\simulator\video\SoftwareMJPEGDecoder.hpp">
      <Filter>Header Files\generated\simulator\include\simulator\video</Filter>
    </ClInclude>
    <ClInclude Include="..\..\gui\include\gui\main_screen\MainPresenter.hpp">
      <Filter>Header Files\gui\main_screen</Filter>
    </ClInclude>
    <ClInclude Include="..\..\gui\include\gui\main_screen\MainView.hpp">
      <Filter>Header Files\gui\main_screen</Filter>
    </ClInclude>
    <ClInclude Include="..\..\generated\gui_generated\include\gui_generated\main_screen\MainViewBase.hpp">
      <Filter>Header Files\generated\gui_generated\main_screen</Filter>
    </ClInclude>
    <ClInclude Include="..\..\gui\include\gui\settings_data_logging_screen\Settings_data_loggingPresenter.hpp">
      <Filter>Header Files\gui\settings_data_logging_screen</Filter>
    </ClInclude>
    <ClInclude Include="..\..\gui\include\gui\settings_data_logging_screen\Settings_data_loggingView.hpp">
      <Filter>Header Files\gui\settings_data_logging_screen</Filter>
    </ClInclude>
    <ClInclude Include="..\..\generated\gui_generated\include\gui_generated\settings_data_logging_screen\Settings_data_loggingViewBase.hpp">
      <Filter>Header Files\generated\gui_generated\settings_data_logging_screen</Filter>
    </ClInclude>
    <ClInclude Include="..\..\gui\include\gui\settings_temperature_screen\Settings_temperaturePresenter.hpp">
      <Filter>Header Files\gui\settings_temperature_screen</Filter>
    </ClInclude>
    <ClInclude Include="..\..\gui\include\gui\settings_temperature_screen\Settings_temperatureView.hpp">
      <Filter>Header Files\gui\settings_temperature_screen</Filter>
    </ClInclude>
    <ClInclude Include="..\..\generated\gui_generated\include\gui_generated\settings_temperature_screen\Settings_temperatureViewBase.hpp">
      <Filter>Header Files\generated\gui_generated\settings_temperature_screen</Filter>
    </ClInclude>
    <ClInclude Include="..\..\gui\include\gui\settings_date_time_back_screen\Settings_date_time_backPresenter.hpp">
      <Filter>Header Files\gui\settings_date_time_back_screen</Filter>
    </ClInclude>
    <ClInclude Include="..\..\gui\include\gui\settings_date_time_back_screen\Settings_date_time_backView.hpp">
      <Filter>Header Files\gui\settings_date_time_back_screen</Filter>
    </ClInclude>
    <ClInclude Include="..\..\generated\gui_generated\include\gui_generated\settings_date_time_back_screen\Settings_date_time_backViewBase.hpp">
      <Filter>Header Files\generated\gui_generated\settings_date_time_back_screen</Filter>
    </ClInclude>
    <ClInclude Include="..\..\gui\include\gui\settings_date_time_day_screen\Settings_date_time_dayPresenter.hpp">
      <Filter>Header Files\gui\settings_date_time_day_screen</Filter>
    </ClInclude>
    <ClInclude Include="..\..\gui\include\gui\settings_date_time_day_screen\Settings_date_time_dayView.hpp">
      <Filter>Header Files\gui\settings_date_time_day_screen</Filter>
    </ClInclude>
    <ClInclude Include="..\..\generated\gui_generated\include\gui_generated\settings_date_time_day_screen\Settings_date_time_dayViewBase.hpp">
      <Filter>Header Files\generated\gui_generated\settings_date_time_day_screen</Filter>
    </ClInclude>
    <ClInclude Include="..\..\gui\include\gui\settings_date_time_hour_screen\Settings_date_time_hourPresenter.hpp">
      <Filter>Header Files\gui\settings_date_time_hour_screen</Filter>
    </ClInclude>
    <ClInclude Include="..\..\gui\include\gui\settings_date_time_hour_screen\Settings_date_time_hourView.hpp">
      <Filter>Header Files\gui\settings_date_time_hour_screen</Filter>
    </ClInclude>
    <ClInclude Include="..\..\generated\gui_generated\include\gui_generated\settings_date_time_hour_screen\Settings_date_time_hourViewBase.hpp">
      <Filter>Header Files\generated\gui_generated\settings_date_time_hour_screen</Filter>
    </ClInclude>
    <ClInclude Include="..\..\gui\include\gui\settings_date_time_minute_screen\Settings_date_time_minutePresenter.hpp">
      <Filter>Header Files\gui\settings_date_time_minute_screen</Filter>
    </ClInclude>
    <ClInclude Include="..\..\gui\include\gui\settings_date_time_minute_screen\Settings_date_time_minuteView.hpp">
      <Filter>Header Files\gui\settings_date_time_minute_screen</Filter>
    </ClInclude>
    <ClInclude Include="..\..\generated\gui_generated\include\gui_generated\settings_date_time_minute_screen\Settings_date_time_minuteViewBase.hpp">
      <Filter>Header Files\generated\gui_generated\settings_date_time_minute_screen</Filter>
    </ClInclude>
    <ClInclude Include="..\..\gui\include\gui\settings_date_time_month_screen\Settings_date_time_monthPresenter.hpp">
      <Filter>Header Files\gui\settings_date_time_month_screen</Filter>
    </ClInclude>
    <ClInclude Include="..\..\gui\include\gui\settings_date_time_month_screen\Settings_date_time_monthView.hpp">
      <Filter>Header Files\gui\settings_date_time_month_screen</Filter>
    </ClInclude>
    <ClInclude Include="..\..\generated\gui_generated\include\gui_generated\settings_date_time_month_screen\Settings_date_time_monthViewBase.hpp">
      <Filter>Header Files\generated\gui_generated\settings_date_time_month_screen</Filter>
    </ClInclude>
    <ClInclude Include="..\..\gui\include\gui\settings_date_time_year_screen\Settings_date_time_yearPresenter.hpp">
      <Filter>Header Files\gui\settings_date_time_year_screen</Filter>
    </ClInclude>
    <ClInclude Include="..\..\gui\include\gui\settings_date_time_year_screen\Settings_date_time_yearView.hpp">
      <Filter>Header Files\gui\settings_date_time_year_screen</Filter>
    </ClInclude>
    <ClInclude Include="..\..\generated\gui_generated\include\gui_generated\settings_date_time_year_screen\Settings_date_time_yearViewBase.hpp">
      <Filter>Header Files\generated\gui_generated\settings_date_time_year_screen</Filter>
    </ClInclude>
    <ClInclude Include="..\..\gui\include\gui\settings_date_time_screen\Settings_date_timePresenter.hpp">
      <Filter>Header Files\gui\settings_date_time_screen</Filter>
    </ClInclude>
    <ClInclude Include="..\..\gui\include\gui\settings_date_time_screen\Settings_date_timeView.hpp">
      <Filter>Header Files\gui\settings_date_time_screen</Filter>
    </ClInclude>
    <ClInclude Include="..\..\generated\gui_generated\include\gui_generated\settings_date_time_screen\Settings_date_timeViewBase.hpp">
      <Filter>Header Files\generated\gui_generated\settings_date_time_screen</Filter>
    </ClInclude>
    <ClInclude Include="..\..\gui\include\gui\settings_temperature_set_point_chil_back_screen\Settings_temperature_set_point_chil_backPresenter.hpp">
      <Filter>Header Files\gui\settings_temperature_set_point_chil_back_screen</Filter>
    </ClInclude>
    <ClInclude Include="..\..\gui\include\gui\settings_temperature_set_point_chil_back_screen\Settings_temperature_set_point_chil_backView.hpp">
      <Filter>Header Files\gui\settings_temperature_set_point_chil_back_screen</Filter>
    </ClInclude>
    <ClInclude Include="..\..\generated\gui_generated\include\gui_generated\settings_temperature_set_point_chil_back_screen\Settings_temperature_set_point_chil_backViewBase.hpp">
      <Filter>Header Files\generated\gui_generated\settings_temperature_set_point_chil_back_screen</Filter>
    </ClInclude>
    <ClInclude Include="..\..\gui\include\gui\settings_temperature_set_point_chill_enter_screen\Settings_temperature_set_point_chill_enterPresenter.hpp">
      <Filter>Header Files\gui\settings_temperature_set_point_chill_enter_screen</Filter>
    </ClInclude>
    <ClInclude Include="..\..\gui\include\gui\settings_temperature_set_point_chill_enter_screen\Settings_temperature_set_point_chill_enterView.hpp">
      <Filter>Header Files\gui\settings_temperature_set_point_chill_enter_screen</Filter>
    </ClInclude>
    <ClInclude Include="..\..\generated\gui_generated\include\gui_generated\settings_temperature_set_point_chill_enter_screen\Settings_temperature_set_point_chill_enterViewBase.hpp">
      <Filter>Header Files\generated\gui_generated\settings_temperature_set_point_chill_enter_screen</Filter>
    </ClInclude>
    <ClInclude Include="..\..\gui\include\gui\settings_temperature_set_point_chill_screen\Settings_temperature_set_point_chillPresenter.hpp">
      <Filter>Header Files\gui\settings_temperature_set_point_chill_screen</Filter>
    </ClInclude>
    <ClInclude Include="..\..\gui\include\gui\settings_temperature_set_point_chill_screen\Settings_temperature_set_point_chillView.hpp">
      <Filter>Header Files\gui\settings_temperature_set_point_chill_screen</Filter>
    </ClInclude>
    <ClInclude Include="..\..\generated\gui_generated\include\gui_generated\settings_temperature_set_point_chill_screen\Settings_temperature_set_point_chillViewBase.hpp">
      <Filter>Header Files\generated\gui_generated\settings_temperature_set_point_chill_screen</Filter>
    </ClInclude>
    <ClInclude Include="..\..\gui\include\gui\settings_temperature_set_point_freeze_back_screen\Settings_temperature_set_point_freeze_backPresenter.hpp">
      <Filter>Header Files\gui\settings_temperature_set_point_freeze_back_screen</Filter>
    </ClInclude>
    <ClInclude Include="..\..\gui\include\gui\settings_temperature_set_point_freeze_back_screen\Settings_temperature_set_point_freeze_backView.hpp">
      <Filter>Header Files\gui\settings_temperature_set_point_freeze_back_screen</Filter>
    </ClInclude>
    <ClInclude Include="..\..\generated\gui_generated\include\gui_generated\settings_temperature_set_point_freeze_back_screen\Settings_temperature_set_point_freeze_backViewBase.hpp">
      <Filter>Header Files\generated\gui_generated\settings_temperature_set_point_freeze_back_screen</Filter>
    </ClInclude>
    <ClInclude Include="..\..\gui\include\gui\settings_temperature_set_point_freeze_enter_screen\Settings_temperature_set_point_freeze_enterPresenter.hpp">
      <Filter>Header Files\gui\settings_temperature_set_point_freeze_enter_screen</Filter>
    </ClInclude>
    <ClInclude Include="..\..\gui\include\gui\settings_temperature_set_point_freeze_enter_screen\Settings_temperature_set_point_freeze_enterView.hpp">
      <Filter>Header Files\gui\settings_temperature_set_point_freeze_enter_screen</Filter>
    </ClInclude>
    <ClInclude Include="..\..\generated\gui_generated\include\gui_generated\settings_temperature_set_point_freeze_enter_screen\Settings_temperature_set_point_freeze_enterViewBase.hpp">
      <Filter>Header Files\generated\gui_generated\settings_temperature_set_point_freeze_enter_screen</Filter>
    </ClInclude>
    <ClInclude Include="..\..\gui\include\gui\settings_temperature_set_point_freeze_screen\Settings_temperature_set_point_freezePresenter.hpp">
      <Filter>Header Files\gui\settings_temperature_set_point_freeze_screen</Filter>
    </ClInclude>
    <ClInclude Include="..\..\gui\include\gui\settings_temperature_set_point_freeze_screen\Settings_temperature_set_point_freezeView.hpp">
      <Filter>Header Files\gui\settings_temperature_set_point_freeze_screen</Filter>
    </ClInclude>
    <ClInclude Include="..\..\generated\gui_generated\include\gui_generated\settings_temperature_set_point_freeze_screen\Settings_temperature_set_point_freezeViewBase.hpp">
      <Filter>Header Files\generated\gui_generated\settings_temperature_set_point_freeze_screen</Filter>
    </ClInclude>
  </ItemGroup>
  <ItemGroup>
    <ResourceCompile Include="$(ApplicationRoot)\generated\simulator\touchgfx.rc">
      <Filter>Resource Files</Filter>
    </ResourceCompile>
  </ItemGroup>
</Project>
